// !$*UTF8*$!
{
	archiveVersion = 1;
	classes = {
	};
	objectVersion = 50;
	objects = {

/* Begin PBXBuildFile section */
		6D329E451EBF21090C38CC9E /* Pods_Todoey.framework in Frameworks */ = {isa = PBXBuildFile; fileRef = 55E4A1586DE11AAD4C6E18A7 /* Pods_Todoey.framework */; };
		AA02771C22B63BD400A0849F /* Item.swift in Sources */ = {isa = PBXBuildFile; fileRef = AA02771B22B63BD400A0849F /* Item.swift */; };
		AA02771E22B63BE000A0849F /* Category.swift in Sources */ = {isa = PBXBuildFile; fileRef = AA02771D22B63BE000A0849F /* Category.swift */; };
		AA7EB42622AD0A3000FFAE63 /* CategoryViewController.swift in Sources */ = {isa = PBXBuildFile; fileRef = AA7EB42522AD0A3000FFAE63 /* CategoryViewController.swift */; };
		AAACDAF622A3B7E50059F7A9 /* AppDelegate.swift in Sources */ = {isa = PBXBuildFile; fileRef = AAACDAF522A3B7E50059F7A9 /* AppDelegate.swift */; };
		AAACDAF822A3B7E50059F7A9 /* TodoListViewController.swift in Sources */ = {isa = PBXBuildFile; fileRef = AAACDAF722A3B7E50059F7A9 /* TodoListViewController.swift */; };
		AAACDAFB22A3B7E50059F7A9 /* Main.storyboard in Resources */ = {isa = PBXBuildFile; fileRef = AAACDAF922A3B7E50059F7A9 /* Main.storyboard */; };
		AAACDAFD22A3B7E60059F7A9 /* Assets.xcassets in Resources */ = {isa = PBXBuildFile; fileRef = AAACDAFC22A3B7E60059F7A9 /* Assets.xcassets */; };
		AAACDB0022A3B7E60059F7A9 /* LaunchScreen.storyboard in Resources */ = {isa = PBXBuildFile; fileRef = AAACDAFE22A3B7E60059F7A9 /* LaunchScreen.storyboard */; };
		AAE9786322BF733A0011483C /* SwipeTableViewController.swift in Sources */ = {isa = PBXBuildFile; fileRef = AAE9786222BF733A0011483C /* SwipeTableViewController.swift */; };
/* End PBXBuildFile section */

/* Begin PBXFileReference section */
		55E4A1586DE11AAD4C6E18A7 /* Pods_Todoey.framework */ = {isa = PBXFileReference; explicitFileType = wrapper.framework; includeInIndex = 0; path = Pods_Todoey.framework; sourceTree = BUILT_PRODUCTS_DIR; };
		8160447C9F5672DC35066833 /* Pods-Todoey.debug.xcconfig */ = {isa = PBXFileReference; includeInIndex = 1; lastKnownFileType = text.xcconfig; name = "Pods-Todoey.debug.xcconfig"; path = "Target Support Files/Pods-Todoey/Pods-Todoey.debug.xcconfig"; sourceTree = "<group>"; };
		84506ACCCBFA4F8CD940A273 /* Pods-Todoey.release.xcconfig */ = {isa = PBXFileReference; includeInIndex = 1; lastKnownFileType = text.xcconfig; name = "Pods-Todoey.release.xcconfig"; path = "Target Support Files/Pods-Todoey/Pods-Todoey.release.xcconfig"; sourceTree = "<group>"; };
		AA02771B22B63BD400A0849F /* Item.swift */ = {isa = PBXFileReference; lastKnownFileType = sourcecode.swift; path = Item.swift; sourceTree = "<group>"; };
		AA02771D22B63BE000A0849F /* Category.swift */ = {isa = PBXFileReference; lastKnownFileType = sourcecode.swift; path = Category.swift; sourceTree = "<group>"; };
		AA7EB42522AD0A3000FFAE63 /* CategoryViewController.swift */ = {isa = PBXFileReference; lastKnownFileType = sourcecode.swift; path = CategoryViewController.swift; sourceTree = "<group>"; };
		AAACDAF222A3B7E50059F7A9 /* Todoey.app */ = {isa = PBXFileReference; explicitFileType = wrapper.application; includeInIndex = 0; path = Todoey.app; sourceTree = BUILT_PRODUCTS_DIR; };
		AAACDAF522A3B7E50059F7A9 /* AppDelegate.swift */ = {isa = PBXFileReference; lastKnownFileType = sourcecode.swift; path = AppDelegate.swift; sourceTree = "<group>"; };
		AAACDAF722A3B7E50059F7A9 /* TodoListViewController.swift */ = {isa = PBXFileReference; lastKnownFileType = sourcecode.swift; path = TodoListViewController.swift; sourceTree = "<group>"; };
		AAACDAFA22A3B7E50059F7A9 /* Base */ = {isa = PBXFileReference; lastKnownFileType = file.storyboard; name = Base; path = Base.lproj/Main.storyboard; sourceTree = "<group>"; };
		AAACDAFC22A3B7E60059F7A9 /* Assets.xcassets */ = {isa = PBXFileReference; lastKnownFileType = folder.assetcatalog; path = Assets.xcassets; sourceTree = "<group>"; };
		AAACDAFF22A3B7E60059F7A9 /* Base */ = {isa = PBXFileReference; lastKnownFileType = file.storyboard; name = Base; path = Base.lproj/LaunchScreen.storyboard; sourceTree = "<group>"; };
		AAACDB0122A3B7E60059F7A9 /* Info.plist */ = {isa = PBXFileReference; lastKnownFileType = text.plist.xml; path = Info.plist; sourceTree = "<group>"; };
		AAE9786222BF733A0011483C /* SwipeTableViewController.swift */ = {isa = PBXFileReference; lastKnownFileType = sourcecode.swift; path = SwipeTableViewController.swift; sourceTree = "<group>"; };
/* End PBXFileReference section */

/* Begin PBXFrameworksBuildPhase section */
		AAACDAEF22A3B7E50059F7A9 /* Frameworks */ = {
			isa = PBXFrameworksBuildPhase;
			buildActionMask = 2147483647;
			files = (
				6D329E451EBF21090C38CC9E /* Pods_Todoey.framework in Frameworks */,
			);
			runOnlyForDeploymentPostprocessing = 0;
		};
/* End PBXFrameworksBuildPhase section */

/* Begin PBXGroup section */
		94431A18157F226F8DFBA999 /* Pods */ = {
			isa = PBXGroup;
			children = (
				8160447C9F5672DC35066833 /* Pods-Todoey.debug.xcconfig */,
				84506ACCCBFA4F8CD940A273 /* Pods-Todoey.release.xcconfig */,
			);
			path = Pods;
			sourceTree = "<group>";
		};
		AAACDAE922A3B7E50059F7A9 = {
			isa = PBXGroup;
			children = (
				AAACDAF422A3B7E50059F7A9 /* Todoey */,
				AAACDAF322A3B7E50059F7A9 /* Products */,
				94431A18157F226F8DFBA999 /* Pods */,
				DC4B13519B449D9513E40786 /* Frameworks */,
			);
			sourceTree = "<group>";
		};
		AAACDAF322A3B7E50059F7A9 /* Products */ = {
			isa = PBXGroup;
			children = (
				AAACDAF222A3B7E50059F7A9 /* Todoey.app */,
			);
			name = Products;
			sourceTree = "<group>";
		};
		AAACDAF422A3B7E50059F7A9 /* Todoey */ = {
			isa = PBXGroup;
			children = (
				AAACDAF522A3B7E50059F7A9 /* AppDelegate.swift */,
				AADCECF522A67B01007A9308 /* Controllers */,
				AADCECF422A67AD2007A9308 /* Data Model */,
				AADCECF622A67B15007A9308 /* Views */,
				AADCECF722A67B2D007A9308 /* Supporting Files */,
				AAACDB0122A3B7E60059F7A9 /* Info.plist */,
			);
			path = Todoey;
			sourceTree = "<group>";
		};
		AADCECF422A67AD2007A9308 /* Data Model */ = {
			isa = PBXGroup;
			children = (
				AA02771D22B63BE000A0849F /* Category.swift */,
				AA02771B22B63BD400A0849F /* Item.swift */,
			);
			path = "Data Model";
			sourceTree = "<group>";
		};
		AADCECF522A67B01007A9308 /* Controllers */ = {
			isa = PBXGroup;
			children = (
				AAE9786222BF733A0011483C /* SwipeTableViewController.swift */,
				AA7EB42522AD0A3000FFAE63 /* CategoryViewController.swift */,
				AAACDAF722A3B7E50059F7A9 /* TodoListViewController.swift */,
			);
			path = Controllers;
			sourceTree = "<group>";
		};
		AADCECF622A67B15007A9308 /* Views */ = {
			isa = PBXGroup;
			children = (
				AAACDAF922A3B7E50059F7A9 /* Main.storyboard */,
			);
			path = Views;
			sourceTree = "<group>";
		};
		AADCECF722A67B2D007A9308 /* Supporting Files */ = {
			isa = PBXGroup;
			children = (
				AAACDAFC22A3B7E60059F7A9 /* Assets.xcassets */,
				AAACDAFE22A3B7E60059F7A9 /* LaunchScreen.storyboard */,
			);
			path = "Supporting Files";
			sourceTree = "<group>";
		};
		DC4B13519B449D9513E40786 /* Frameworks */ = {
			isa = PBXGroup;
			children = (
				55E4A1586DE11AAD4C6E18A7 /* Pods_Todoey.framework */,
			);
			name = Frameworks;
			sourceTree = "<group>";
		};
/* End PBXGroup section */

/* Begin PBXNativeTarget section */
		AAACDAF122A3B7E50059F7A9 /* Todoey */ = {
			isa = PBXNativeTarget;
			buildConfigurationList = AAACDB0422A3B7E60059F7A9 /* Build configuration list for PBXNativeTarget "Todoey" */;
			buildPhases = (
				F70236F924102AC455BCCC40 /* [CP] Check Pods Manifest.lock */,
				AAACDAEE22A3B7E50059F7A9 /* Sources */,
				AAACDAEF22A3B7E50059F7A9 /* Frameworks */,
				AAACDAF022A3B7E50059F7A9 /* Resources */,
				35B84020CEA4F5FBCB65664E /* [CP] Embed Pods Frameworks */,
			);
			buildRules = (
			);
			dependencies = (
			);
			name = Todoey;
			productName = Todoey;
			productReference = AAACDAF222A3B7E50059F7A9 /* Todoey.app */;
			productType = "com.apple.product-type.application";
		};
/* End PBXNativeTarget section */

/* Begin PBXProject section */
		AAACDAEA22A3B7E50059F7A9 /* Project object */ = {
			isa = PBXProject;
			attributes = {
				LastSwiftUpdateCheck = 1020;
				LastUpgradeCheck = 1020;
				ORGANIZATIONNAME = "Davide Santo";
				TargetAttributes = {
					AAACDAF122A3B7E50059F7A9 = {
						CreatedOnToolsVersion = 10.2.1;
					};
				};
			};
			buildConfigurationList = AAACDAED22A3B7E50059F7A9 /* Build configuration list for PBXProject "Todoey" */;
			compatibilityVersion = "Xcode 9.3";
			developmentRegion = en;
			hasScannedForEncodings = 0;
			knownRegions = (
				en,
				Base,
			);
			mainGroup = AAACDAE922A3B7E50059F7A9;
			productRefGroup = AAACDAF322A3B7E50059F7A9 /* Products */;
			projectDirPath = "";
			projectRoot = "";
			targets = (
				AAACDAF122A3B7E50059F7A9 /* Todoey */,
			);
		};
/* End PBXProject section */

/* Begin PBXResourcesBuildPhase section */
		AAACDAF022A3B7E50059F7A9 /* Resources */ = {
			isa = PBXResourcesBuildPhase;
			buildActionMask = 2147483647;
			files = (
				AAACDB0022A3B7E60059F7A9 /* LaunchScreen.storyboard in Resources */,
				AAACDAFD22A3B7E60059F7A9 /* Assets.xcassets in Resources */,
				AAACDAFB22A3B7E50059F7A9 /* Main.storyboard in Resources */,
			);
			runOnlyForDeploymentPostprocessing = 0;
		};
/* End PBXResourcesBuildPhase section */

/* Begin PBXShellScriptBuildPhase section */
		35B84020CEA4F5FBCB65664E /* [CP] Embed Pods Frameworks */ = {
			isa = PBXShellScriptBuildPhase;
			buildActionMask = 2147483647;
			files = (
			);
			inputFileListPaths = (
			);
			inputPaths = (
				"${PODS_ROOT}/Target Support Files/Pods-Todoey/Pods-Todoey-frameworks.sh",
				"${BUILT_PRODUCTS_DIR}/ChameleonFramework/ChameleonFramework.framework",
				"${BUILT_PRODUCTS_DIR}/Realm/Realm.framework",
				"${BUILT_PRODUCTS_DIR}/RealmSwift/RealmSwift.framework",
				"${BUILT_PRODUCTS_DIR}/SwipeCellKit/SwipeCellKit.framework",
			);
			name = "[CP] Embed Pods Frameworks";
			outputFileListPaths = (
			);
			outputPaths = (
				"${TARGET_BUILD_DIR}/${FRAMEWORKS_FOLDER_PATH}/ChameleonFramework.framework",
				"${TARGET_BUILD_DIR}/${FRAMEWORKS_FOLDER_PATH}/Realm.framework",
				"${TARGET_BUILD_DIR}/${FRAMEWORKS_FOLDER_PATH}/RealmSwift.framework",
				"${TARGET_BUILD_DIR}/${FRAMEWORKS_FOLDER_PATH}/SwipeCellKit.framework",
			);
			runOnlyForDeploymentPostprocessing = 0;
			shellPath = /bin/sh;
			shellScript = "\"${PODS_ROOT}/Target Support Files/Pods-Todoey/Pods-Todoey-frameworks.sh\"\n";
			showEnvVarsInLog = 0;
		};
		F70236F924102AC455BCCC40 /* [CP] Check Pods Manifest.lock */ = {
			isa = PBXShellScriptBuildPhase;
			buildActionMask = 2147483647;
			files = (
			);
			inputFileListPaths = (
			);
			inputPaths = (
				"${PODS_PODFILE_DIR_PATH}/Podfile.lock",
				"${PODS_ROOT}/Manifest.lock",
			);
			name = "[CP] Check Pods Manifest.lock";
			outputFileListPaths = (
			);
			outputPaths = (
				"$(DERIVED_FILE_DIR)/Pods-Todoey-checkManifestLockResult.txt",
			);
			runOnlyForDeploymentPostprocessing = 0;
			shellPath = /bin/sh;
			shellScript = "diff \"${PODS_PODFILE_DIR_PATH}/Podfile.lock\" \"${PODS_ROOT}/Manifest.lock\" > /dev/null\nif [ $? != 0 ] ; then\n    # print error to STDERR\n    echo \"error: The sandbox is not in sync with the Podfile.lock. Run 'pod install' or update your CocoaPods installation.\" >&2\n    exit 1\nfi\n# This output is used by Xcode 'outputs' to avoid re-running this script phase.\necho \"SUCCESS\" > \"${SCRIPT_OUTPUT_FILE_0}\"\n";
			showEnvVarsInLog = 0;
		};
/* End PBXShellScriptBuildPhase section */

/* Begin PBXSourcesBuildPhase section */
		AAACDAEE22A3B7E50059F7A9 /* Sources */ = {
			isa = PBXSourcesBuildPhase;
			buildActionMask = 2147483647;
			files = (
				AA02771C22B63BD400A0849F /* Item.swift in Sources */,
				AA7EB42622AD0A3000FFAE63 /* CategoryViewController.swift in Sources */,
				AAACDAF822A3B7E50059F7A9 /* TodoListViewController.swift in Sources */,
				AAACDAF622A3B7E50059F7A9 /* AppDelegate.swift in Sources */,
				AAE9786322BF733A0011483C /* SwipeTableViewController.swift in Sources */,
				AA02771E22B63BE000A0849F /* Category.swift in Sources */,
			);
			runOnlyForDeploymentPostprocessing = 0;
		};
/* End PBXSourcesBuildPhase section */

/* Begin PBXVariantGroup section */
		AAACDAF922A3B7E50059F7A9 /* Main.storyboard */ = {
			isa = PBXVariantGroup;
			children = (
				AAACDAFA22A3B7E50059F7A9 /* Base */,
			);
			name = Main.storyboard;
			sourceTree = "<group>";
		};
		AAACDAFE22A3B7E60059F7A9 /* LaunchScreen.storyboard */ = {
			isa = PBXVariantGroup;
			children = (
				AAACDAFF22A3B7E60059F7A9 /* Base */,
			);
			name = LaunchScreen.storyboard;
			sourceTree = "<group>";
		};
/* End PBXVariantGroup section */

/* Begin XCBuildConfiguration section */
		AAACDB0222A3B7E60059F7A9 /* Debug */ = {
			isa = XCBuildConfiguration;
			buildSettings = {
				ALWAYS_SEARCH_USER_PATHS = NO;
				CLANG_ANALYZER_NONNULL = YES;
				CLANG_ANALYZER_NUMBER_OBJECT_CONVERSION = YES_AGGRESSIVE;
				CLANG_CXX_LANGUAGE_STANDARD = "gnu++14";
				CLANG_CXX_LIBRARY = "libc++";
				CLANG_ENABLE_MODULES = YES;
				CLANG_ENABLE_OBJC_ARC = YES;
				CLANG_ENABLE_OBJC_WEAK = YES;
				CLANG_WARN_BLOCK_CAPTURE_AUTORELEASING = YES;
				CLANG_WARN_BOOL_CONVERSION = YES;
				CLANG_WARN_COMMA = YES;
				CLANG_WARN_CONSTANT_CONVERSION = YES;
				CLANG_WARN_DEPRECATED_OBJC_IMPLEMENTATIONS = YES;
				CLANG_WARN_DIRECT_OBJC_ISA_USAGE = YES_ERROR;
				CLANG_WARN_DOCUMENTATION_COMMENTS = YES;
				CLANG_WARN_EMPTY_BODY = YES;
				CLANG_WARN_ENUM_CONVERSION = YES;
				CLANG_WARN_INFINITE_RECURSION = YES;
				CLANG_WARN_INT_CONVERSION = YES;
				CLANG_WARN_NON_LITERAL_NULL_CONVERSION = YES;
				CLANG_WARN_OBJC_IMPLICIT_RETAIN_SELF = YES;
				CLANG_WARN_OBJC_LITERAL_CONVERSION = YES;
				CLANG_WARN_OBJC_ROOT_CLASS = YES_ERROR;
				CLANG_WARN_RANGE_LOOP_ANALYSIS = YES;
				CLANG_WARN_STRICT_PROTOTYPES = YES;
				CLANG_WARN_SUSPICIOUS_MOVE = YES;
				CLANG_WARN_UNGUARDED_AVAILABILITY = YES_AGGRESSIVE;
				CLANG_WARN_UNREACHABLE_CODE = YES;
				CLANG_WARN__DUPLICATE_METHOD_MATCH = YES;
				CODE_SIGN_IDENTITY = "iPhone Developer";
				COPY_PHASE_STRIP = NO;
				DEBUG_INFORMATION_FORMAT = dwarf;
				ENABLE_STRICT_OBJC_MSGSEND = YES;
				ENABLE_TESTABILITY = YES;
				GCC_C_LANGUAGE_STANDARD = gnu11;
				GCC_DYNAMIC_NO_PIC = NO;
				GCC_NO_COMMON_BLOCKS = YES;
				GCC_OPTIMIZATION_LEVEL = 0;
				GCC_PREPROCESSOR_DEFINITIONS = (
					"DEBUG=1",
					"$(inherited)",
				);
				GCC_WARN_64_TO_32_BIT_CONVERSION = YES;
				GCC_WARN_ABOUT_RETURN_TYPE = YES_ERROR;
				GCC_WARN_UNDECLARED_SELECTOR = YES;
				GCC_WARN_UNINITIALIZED_AUTOS = YES_AGGRESSIVE;
				GCC_WARN_UNUSED_FUNCTION = YES;
				GCC_WARN_UNUSED_VARIABLE = YES;
				IPHONEOS_DEPLOYMENT_TARGET = 12.2;
				MTL_ENABLE_DEBUG_INFO = INCLUDE_SOURCE;
				MTL_FAST_MATH = YES;
				ONLY_ACTIVE_ARCH = YES;
				SDKROOT = iphoneos;
				SWIFT_ACTIVE_COMPILATION_CONDITIONS = DEBUG;
				SWIFT_OPTIMIZATION_LEVEL = "-Onone";
			};
			name = Debug;
		};
		AAACDB0322A3B7E60059F7A9 /* Release */ = {
			isa = XCBuildConfiguration;
			buildSettings = {
				ALWAYS_SEARCH_USER_PATHS = NO;
				CLANG_ANALYZER_NONNULL = YES;
				CLANG_ANALYZER_NUMBER_OBJECT_CONVERSION = YES_AGGRESSIVE;
				CLANG_CXX_LANGUAGE_STANDARD = "gnu++14";
				CLANG_CXX_LIBRARY = "libc++";
				CLANG_ENABLE_MODULES = YES;
				CLANG_ENABLE_OBJC_ARC = YES;
				CLANG_ENABLE_OBJC_WEAK = YES;
				CLANG_WARN_BLOCK_CAPTURE_AUTORELEASING = YES;
				CLANG_WARN_BOOL_CONVERSION = YES;
				CLANG_WARN_COMMA = YES;
				CLANG_WARN_CONSTANT_CONVERSION = YES;
				CLANG_WARN_DEPRECATED_OBJC_IMPLEMENTATIONS = YES;
				CLANG_WARN_DIRECT_OBJC_ISA_USAGE = YES_ERROR;
				CLANG_WARN_DOCUMENTATION_COMMENTS = YES;
				CLANG_WARN_EMPTY_BODY = YES;
				CLANG_WARN_ENUM_CONVERSION = YES;
				CLANG_WARN_INFINITE_RECURSION = YES;
				CLANG_WARN_INT_CONVERSION = YES;
				CLANG_WARN_NON_LITERAL_NULL_CONVERSION = YES;
				CLANG_WARN_OBJC_IMPLICIT_RETAIN_SELF = YES;
				CLANG_WARN_OBJC_LITERAL_CONVERSION = YES;
				CLANG_WARN_OBJC_ROOT_CLASS = YES_ERROR;
				CLANG_WARN_RANGE_LOOP_ANALYSIS = YES;
				CLANG_WARN_STRICT_PROTOTYPES = YES;
				CLANG_WARN_SUSPICIOUS_MOVE = YES;
				CLANG_WARN_UNGUARDED_AVAILABILITY = YES_AGGRESSIVE;
				CLANG_WARN_UNREACHABLE_CODE = YES;
				CLANG_WARN__DUPLICATE_METHOD_MATCH = YES;
				CODE_SIGN_IDENTITY = "iPhone Developer";
				COPY_PHASE_STRIP = NO;
				DEBUG_INFORMATION_FORMAT = "dwarf-with-dsym";
				ENABLE_NS_ASSERTIONS = NO;
				ENABLE_STRICT_OBJC_MSGSEND = YES;
				GCC_C_LANGUAGE_STANDARD = gnu11;
				GCC_NO_COMMON_BLOCKS = YES;
				GCC_WARN_64_TO_32_BIT_CONVERSION = YES;
				GCC_WARN_ABOUT_RETURN_TYPE = YES_ERROR;
				GCC_WARN_UNDECLARED_SELECTOR = YES;
				GCC_WARN_UNINITIALIZED_AUTOS = YES_AGGRESSIVE;
				GCC_WARN_UNUSED_FUNCTION = YES;
				GCC_WARN_UNUSED_VARIABLE = YES;
				IPHONEOS_DEPLOYMENT_TARGET = 12.2;
				MTL_ENABLE_DEBUG_INFO = NO;
				MTL_FAST_MATH = YES;
				SDKROOT = iphoneos;
				SWIFT_COMPILATION_MODE = wholemodule;
				SWIFT_OPTIMIZATION_LEVEL = "-O";
				VALIDATE_PRODUCT = YES;
			};
			name = Release;
		};
		AAACDB0522A3B7E60059F7A9 /* Debug */ = {
			isa = XCBuildConfiguration;
			baseConfigurationReference = 8160447C9F5672DC35066833 /* Pods-Todoey.debug.xcconfig */;
			buildSettings = {
				ASSETCATALOG_COMPILER_APPICON_NAME = AppIcon;
				CODE_SIGN_STYLE = Automatic;
				DEVELOPMENT_TEAM = SHS2T55WH7;
				INFOPLIST_FILE = Todoey/Info.plist;
				LD_RUNPATH_SEARCH_PATHS = (
					"$(inherited)",
					"@executable_path/Frameworks",
				);
				PRODUCT_BUNDLE_IDENTIFIER = com.davidesanto.Todoey;
				PRODUCT_NAME = "$(TARGET_NAME)";
				SWIFT_VERSION = 5.0;
				TARGETED_DEVICE_FAMILY = "1,2";
			};
			name = Debug;
		};
		AAACDB0622A3B7E60059F7A9 /* Release */ = {
			isa = XCBuildConfiguration;
			baseConfigurationReference = 84506ACCCBFA4F8CD940A273 /* Pods-Todoey.release.xcconfig */;
			buildSettings = {
				ASSETCATALOG_COMPILER_APPICON_NAME = AppIcon;
				CODE_SIGN_STYLE = Automatic;
				DEVELOPMENT_TEAM = SHS2T55WH7;
				INFOPLIST_FILE = Todoey/Info.plist;
				LD_RUNPATH_SEARCH_PATHS = (
					"$(inherited)",
					"@executable_path/Frameworks",
				);
				PRODUCT_BUNDLE_IDENTIFIER = com.davidesanto.Todoey;
				PRODUCT_NAME = "$(TARGET_NAME)";
				SWIFT_VERSION = 5.0;
				TARGETED_DEVICE_FAMILY = "1,2";
			};
			name = Release;
		};
/* End XCBuildConfiguration section */

/* Begin XCConfigurationList section */
		AAACDAED22A3B7E50059F7A9 /* Build configuration list for PBXProject "Todoey" */ = {
			isa = XCConfigurationList;
			buildConfigurations = (
				AAACDB0222A3B7E60059F7A9 /* Debug */,
				AAACDB0322A3B7E60059F7A9 /* Release */,
			);
			defaultConfigurationIsVisible = 0;
			defaultConfigurationName = Release;
		};
		AAACDB0422A3B7E60059F7A9 /* Build configuration list for PBXNativeTarget "Todoey" */ = {
			isa = XCConfigurationList;
			buildConfigurations = (
				AAACDB0522A3B7E60059F7A9 /* Debug */,
				AAACDB0622A3B7E60059F7A9 /* Release */,
			);
			defaultConfigurationIsVisible = 0;
			defaultConfigurationName = Release;
		};
/* End XCConfigurationList section */
	};
	rootObject = AAACDAEA22A3B7E50059F7A9 /* Project object */;
}
